
Microsoft Visual Studio Solution File, Format Version 12.00
# Visual Studio Version 17
VisualStudioVersion = 17.0.31903.59
MinimumVisualStudioVersion = 10.0.40219.1
Project("{FAE04EC0-301F-11D3-BF4B-00C04F79EFBC}") = "AtsEx", "AtsEx\AtsEx.csproj", "{15F8005B-285B-4B98-B4D8-13978AD876F8}"
EndProject
Project("{FAE04EC0-301F-11D3-BF4B-00C04F79EFBC}") = "AtsEx.PluginHost", "AtsEx.PluginHost\AtsEx.PluginHost.csproj", "{AC6EBF16-D22B-4DA8-A0BE-5AFB729EA2E4}"
EndProject
Project("{FAE04EC0-301F-11D3-BF4B-00C04F79EFBC}") = "AtsEx.VehiclePlugin.StateViewer", "Plugins\VehiclePlugins\AtsEx.VehiclePlugin.StateViewer\AtsEx.VehiclePlugin.StateViewer.csproj", "{9205EC14-287D-413E-9E1C-64C92D58D1F2}"
EndProject
Project("{2150E333-8FDC-42A3-9474-1A3956D46DE8}") = "Plugins", "Plugins", "{E528AAA7-6712-4D73-A3AB-BCF41E75F137}"
EndProject
Project("{2150E333-8FDC-42A3-9474-1A3956D46DE8}") = "VehiclePlugins", "VehiclePlugins", "{31284256-F435-4CDC-B1B6-FCB71C97D6EF}"
EndProject
Project("{2150E333-8FDC-42A3-9474-1A3956D46DE8}") = "MapPlugins", "MapPlugins", "{FCA108F3-EC46-4DD5-962E-3ECCBC2100AE}"
EndProject
Project("{FAE04EC0-301F-11D3-BF4B-00C04F79EFBC}") = "AtsEx.MapPlugin.StationController", "Plugins\MapPlugins\AtsEx.MapPlugin.StationController\AtsEx.MapPlugin.StationController.csproj", "{9BF5F305-141D-4B74-B5FE-27DC09FF68A5}"
EndProject
Project("{FAE04EC0-301F-11D3-BF4B-00C04F79EFBC}") = "AtsEx.Core", "AtsEx.Core\AtsEx.Core.csproj", "{3B4337CE-9252-4140-8742-E9EAB8382FA7}"
EndProject
Global
	GlobalSection(SolutionConfigurationPlatforms) = preSolution
		Debug|Any CPU = Debug|Any CPU
		Release|Any CPU = Release|Any CPU
	EndGlobalSection
	GlobalSection(ProjectConfigurationPlatforms) = postSolution
		{15F8005B-285B-4B98-B4D8-13978AD876F8}.Debug|Any CPU.ActiveCfg = Debug|Any CPU
		{15F8005B-285B-4B98-B4D8-13978AD876F8}.Debug|Any CPU.Build.0 = Debug|Any CPU
		{15F8005B-285B-4B98-B4D8-13978AD876F8}.Release|Any CPU.ActiveCfg = Release|Any CPU
		{15F8005B-285B-4B98-B4D8-13978AD876F8}.Release|Any CPU.Build.0 = Release|Any CPU
		{AC6EBF16-D22B-4DA8-A0BE-5AFB729EA2E4}.Debug|Any CPU.ActiveCfg = Debug|Any CPU
		{AC6EBF16-D22B-4DA8-A0BE-5AFB729EA2E4}.Debug|Any CPU.Build.0 = Debug|Any CPU
		{AC6EBF16-D22B-4DA8-A0BE-5AFB729EA2E4}.Release|Any CPU.ActiveCfg = Release|Any CPU
		{AC6EBF16-D22B-4DA8-A0BE-5AFB729EA2E4}.Release|Any CPU.Build.0 = Release|Any CPU
		{9205EC14-287D-413E-9E1C-64C92D58D1F2}.Debug|Any CPU.ActiveCfg = Debug|Any CPU
		{9205EC14-287D-413E-9E1C-64C92D58D1F2}.Debug|Any CPU.Build.0 = Debug|Any CPU
		{9205EC14-287D-413E-9E1C-64C92D58D1F2}.Release|Any CPU.ActiveCfg = Release|Any CPU
		{9205EC14-287D-413E-9E1C-64C92D58D1F2}.Release|Any CPU.Build.0 = Release|Any CPU
		{9BF5F305-141D-4B74-B5FE-27DC09FF68A5}.Debug|Any CPU.ActiveCfg = Debug|Any CPU
		{9BF5F305-141D-4B74-B5FE-27DC09FF68A5}.Debug|Any CPU.Build.0 = Debug|Any CPU
		{9BF5F305-141D-4B74-B5FE-27DC09FF68A5}.Release|Any CPU.ActiveCfg = Release|Any CPU
		{9BF5F305-141D-4B74-B5FE-27DC09FF68A5}.Release|Any CPU.Build.0 = Release|Any CPU
		{3B4337CE-9252-4140-8742-E9EAB8382FA7}.Debug|Any CPU.ActiveCfg = Debug|Any CPU
		{3B4337CE-9252-4140-8742-E9EAB8382FA7}.Debug|Any CPU.Build.0 = Debug|Any CPU
		{3B4337CE-9252-4140-8742-E9EAB8382FA7}.Release|Any CPU.ActiveCfg = Release|Any CPU
		{3B4337CE-9252-4140-8742-E9EAB8382FA7}.Release|Any CPU.Build.0 = Release|Any CPU
	EndGlobalSection
	GlobalSection(SolutionProperties) = preSolution
		HideSolutionNode = FALSE
	EndGlobalSection
	GlobalSection(NestedProjects) = preSolution
		{9205EC14-287D-413E-9E1C-64C92D58D1F2} = {31284256-F435-4CDC-B1B6-FCB71C97D6EF}
		{31284256-F435-4CDC-B1B6-FCB71C97D6EF} = {E528AAA7-6712-4D73-A3AB-BCF41E75F137}
		{FCA108F3-EC46-4DD5-962E-3ECCBC2100AE} = {E528AAA7-6712-4D73-A3AB-BCF41E75F137}
		{9BF5F305-141D-4B74-B5FE-27DC09FF68A5} = {FCA108F3-EC46-4DD5-962E-3ECCBC2100AE}
	EndGlobalSection
	GlobalSection(ExtensibilityGlobals) = postSolution
		SolutionGuid = {434AD268-BAE2-48A7-8AE5-2AB6B982F843}
	EndGlobalSection
EndGlobal
