
Microsoft Visual Studio Solution File, Format Version 12.00
# Visual Studio Version 17
VisualStudioVersion = 17.0.31903.59
MinimumVisualStudioVersion = 10.0.40219.1
Project("{FAE04EC0-301F-11D3-BF4B-00C04F79EFBC}") = "AtsEx", "AtsEx\AtsEx.csproj", "{15F8005B-285B-4B98-B4D8-13978AD876F8}"
EndProject
Project("{FAE04EC0-301F-11D3-BF4B-00C04F79EFBC}") = "AtsEx.PluginHost", "AtsEx.PluginHost\AtsEx.PluginHost.csproj", "{AC6EBF16-D22B-4DA8-A0BE-5AFB729EA2E4}"
EndProject
Project("{FAE04EC0-301F-11D3-BF4B-00C04F79EFBC}") = "AtsEx.Samples.VehiclePlugins.StateViewer", "SamplePlugins\VehiclePlugins\StateViewer\AtsEx.Samples.VehiclePlugins.StateViewer.csproj", "{9205EC14-287D-413E-9E1C-64C92D58D1F2}"
EndProject
Project("{2150E333-8FDC-42A3-9474-1A3956D46DE8}") = "SamplePlugins", "SamplePlugins", "{E528AAA7-6712-4D73-A3AB-BCF41E75F137}"
EndProject
Project("{2150E333-8FDC-42A3-9474-1A3956D46DE8}") = "VehiclePlugins", "VehiclePlugins", "{31284256-F435-4CDC-B1B6-FCB71C97D6EF}"
EndProject
Project("{2150E333-8FDC-42A3-9474-1A3956D46DE8}") = "MapPlugins", "MapPlugins", "{FCA108F3-EC46-4DD5-962E-3ECCBC2100AE}"
EndProject
Project("{FAE04EC0-301F-11D3-BF4B-00C04F79EFBC}") = "AtsEx.Samples.MapPlugins.StationController", "SamplePlugins\MapPlugins\StationController\AtsEx.Samples.MapPlugins.StationController.csproj", "{9BF5F305-141D-4B74-B5FE-27DC09FF68A5}"
EndProject
Project("{FAE04EC0-301F-11D3-BF4B-00C04F79EFBC}") = "AtsEx.Caller", "AtsEx.Caller\AtsEx.Caller.csproj", "{6CF027B6-6485-448D-BB15-F114587E62F9}"
EndProject
Project("{FAE04EC0-301F-11D3-BF4B-00C04F79EFBC}") = "AtsEx.Samples.MapPlugins.TrainController", "SamplePlugins\MapPlugins\TrainController\AtsEx.Samples.MapPlugins.TrainController.csproj", "{C737B63B-E1DC-4960-82C1-A6D885B26694}"
EndProject
Project("{FAE04EC0-301F-11D3-BF4B-00C04F79EFBC}") = "AtsEx.Samples.VehiclePlugins.SimpleAts", "SamplePlugins\VehiclePlugins\SimpleAts\AtsEx.Samples.VehiclePlugins.SimpleAts.csproj", "{68D8C868-7775-42DB-A696-CF8DEF486A89}"
EndProject
Project("{FAE04EC0-301F-11D3-BF4B-00C04F79EFBC}") = "AtsEx.Samples.MapPlugins.TrainControllerEx", "SamplePlugins\MapPlugins\TrainControllerEx\AtsEx.Samples.MapPlugins.TrainControllerEx.csproj", "{9E5A6C98-1F14-460A-AC42-8138196AA3AE}"
EndProject
Project("{FAE04EC0-301F-11D3-BF4B-00C04F79EFBC}") = "AtsEx.Samples.MapPlugins.DXDynamicTextureTest", "SamplePlugins\MapPlugins\DXDynamicTextureTest\AtsEx.Samples.MapPlugins.DXDynamicTextureTest.csproj", "{C84BDF1C-D390-4A77-A3ED-35FBAAB2ED6F}"
EndProject
Project("{2150E333-8FDC-42A3-9474-1A3956D46DE8}") = "Libs", "Libs", "{B3D0DA09-BB5C-4FF7-9844-80A381655B5C}"
EndProject
Project("{FAE04EC0-301F-11D3-BF4B-00C04F79EFBC}") = "ObjectiveHarmonyPatch", "Libs\ObjectiveHarmonyPatch\ObjectiveHarmonyPatch.csproj", "{9A22C1B4-6EDF-46AD-A03E-71847594E6E3}"
EndProject
Project("{FAE04EC0-301F-11D3-BF4B-00C04F79EFBC}") = "FastMember", "Libs\FastMember\FastMember.csproj", "{B63ADEF8-3BF9-48E1-8B61-8FA042B19F89}"
EndProject
Project("{FAE04EC0-301F-11D3-BF4B-00C04F79EFBC}") = "TypeWrapping", "Libs\TypeWrapping\TypeWrapping.csproj", "{28FC1147-DB95-42F0-AEB3-AE8AE93F0179}"
EndProject
Project("{FAE04EC0-301F-11D3-BF4B-00C04F79EFBC}") = "AtsEx.Scripting", "AtsEx.Scripting\AtsEx.Scripting.csproj", "{47E87F46-20FC-4094-A733-EDD30819F1D5}"
EndProject
Project("{2150E333-8FDC-42A3-9474-1A3956D46DE8}") = "Extensions", "Extensions", "{D8B1A356-B814-470B-9C6B-C8D0DFAD6D5B}"
EndProject
Project("{FAE04EC0-301F-11D3-BF4B-00C04F79EFBC}") = "AtsEx.Extensions.DXDynamicTexture", "Extensions\AtsEx.Extensions.DXDynamicTexture\AtsEx.Extensions.DXDynamicTexture.csproj", "{725E0C18-0857-4BB1-A559-882A1EE2B892}"
EndProject
Project("{FAE04EC0-301F-11D3-BF4B-00C04F79EFBC}") = "BveTypes", "Libs\BveTypes\BveTypes.csproj", "{3658EDE1-0C3E-4104-A351-64981E4F82DF}"
EndProject
Project("{FAE04EC0-301F-11D3-BF4B-00C04F79EFBC}") = "AtsEx.CoreExtensions", "Extensions\AtsEx.CoreExtensions\AtsEx.CoreExtensions.csproj", "{FBE0C5AB-7271-4801-A862-AF39DD32C829}"
EndProject
Project("{2150E333-8FDC-42A3-9474-1A3956D46DE8}") = "Plugins", "Plugins", "{C0370973-55DF-4AD0-9055-BA3FA1E9517C}"
EndProject
Project("{2150E333-8FDC-42A3-9474-1A3956D46DE8}") = "MapPlugins", "MapPlugins", "{93E65A22-8E4E-45F4-B6B3-49097B956906}"
EndProject
Project("{FAE04EC0-301F-11D3-BF4B-00C04F79EFBC}") = "FastCaching", "Libs\FastCaching\FastCaching.csproj", "{54A911B0-4B7A-4F49-AC5F-4EFC5761F1F7}"
EndProject
Project("{FAE04EC0-301F-11D3-BF4B-00C04F79EFBC}") = "AtsEx.Extensions.ExtendedBeacons", "Extensions\AtsEx.Extensions.ExtendedBeacons\AtsEx.Extensions.ExtendedBeacons.csproj", "{DEA13CE0-F2BC-45ED-8C35-3C970F634AC6}"
EndProject
Project("{FAE04EC0-301F-11D3-BF4B-00C04F79EFBC}") = "AtsEx.Launcher", "AtsEx.Launcher\AtsEx.Launcher.csproj", "{A4645E87-8E06-4687-A7C8-9D015E5567F2}"
EndProject
Project("{FAE04EC0-301F-11D3-BF4B-00C04F79EFBC}") = "AtsEx.Samples.MapPlugins.PreTrainController", "SamplePlugins\MapPlugins\PreTrainController\AtsEx.Samples.MapPlugins.PreTrainController.csproj", "{381AF3E4-97FF-42AD-84C5-67111A2B482A}"
EndProject
Project("{FAE04EC0-301F-11D3-BF4B-00C04F79EFBC}") = "AtsEx.Samples.MapPlugins.SignalController", "SamplePlugins\MapPlugins\SignalController\AtsEx.Samples.MapPlugins.SignalController.csproj", "{8C69A759-3A3B-47AC-8D25-E29318AAB460}"
EndProject
Project("{FAE04EC0-301F-11D3-BF4B-00C04F79EFBC}") = "AtsEx.Samples.VehiclePlugins.AtsPanelValueTest", "SamplePlugins\VehiclePlugins\AtsPanelValueTest\AtsEx.Samples.VehiclePlugins.AtsPanelValueTest.csproj", "{E33F8E6F-519C-45C9-9F41-28BFC666B599}"
EndProject
Project("{FAE04EC0-301F-11D3-BF4B-00C04F79EFBC}") = "AtsEx.Samples.MapPlugins.MapStatementTest", "SamplePlugins\MapPlugins\MapStatementTest\AtsEx.Samples.MapPlugins.MapStatementTest.csproj", "{6111D7B6-CCCE-439C-BD12-F76CCC74DA2B}"
EndProject
Project("{FAE04EC0-301F-11D3-BF4B-00C04F79EFBC}") = "AtsEx.Samples.VehiclePlugins.CooperatingWithMapPlugin", "SamplePlugins\VehiclePlugins\CooperatingWithMapPlugin\AtsEx.Samples.VehiclePlugins.CooperatingWithMapPlugin.csproj", "{4B561359-C045-465E-B216-D20B80B5FDC7}"
EndProject
Project("{FAE04EC0-301F-11D3-BF4B-00C04F79EFBC}") = "AtsEx.Samples.MapPlugins.CooperatingWithVehiclePlugin", "SamplePlugins\MapPlugins\CooperatingWithVehiclePlugin\AtsEx.Samples.MapPlugins.CooperatingWithVehiclePlugin.csproj", "{944AEC7A-6F9A-4D24-B8C4-B95B84220985}"
EndProject
Project("{FAE04EC0-301F-11D3-BF4B-00C04F79EFBC}") = "AtsEx.Caller.InputDevice", "AtsEx.Caller.InputDevice\AtsEx.Caller.InputDevice.csproj", "{23B1CB7F-B82F-49FA-9F2B-4A78547D71C2}"
EndProject
Global
	GlobalSection(SolutionConfigurationPlatforms) = preSolution
		Debug|Any CPU = Debug|Any CPU
		Release|Any CPU = Release|Any CPU
	EndGlobalSection
	GlobalSection(ProjectConfigurationPlatforms) = postSolution
		{15F8005B-285B-4B98-B4D8-13978AD876F8}.Debug|Any CPU.ActiveCfg = Debug|Any CPU
		{15F8005B-285B-4B98-B4D8-13978AD876F8}.Debug|Any CPU.Build.0 = Debug|Any CPU
		{15F8005B-285B-4B98-B4D8-13978AD876F8}.Release|Any CPU.ActiveCfg = Release|Any CPU
		{15F8005B-285B-4B98-B4D8-13978AD876F8}.Release|Any CPU.Build.0 = Release|Any CPU
		{AC6EBF16-D22B-4DA8-A0BE-5AFB729EA2E4}.Debug|Any CPU.ActiveCfg = Debug|Any CPU
		{AC6EBF16-D22B-4DA8-A0BE-5AFB729EA2E4}.Debug|Any CPU.Build.0 = Debug|Any CPU
		{AC6EBF16-D22B-4DA8-A0BE-5AFB729EA2E4}.Release|Any CPU.ActiveCfg = Release|Any CPU
		{AC6EBF16-D22B-4DA8-A0BE-5AFB729EA2E4}.Release|Any CPU.Build.0 = Release|Any CPU
		{9205EC14-287D-413E-9E1C-64C92D58D1F2}.Debug|Any CPU.ActiveCfg = Debug|Any CPU
		{9205EC14-287D-413E-9E1C-64C92D58D1F2}.Debug|Any CPU.Build.0 = Debug|Any CPU
		{9205EC14-287D-413E-9E1C-64C92D58D1F2}.Release|Any CPU.ActiveCfg = Release|Any CPU
		{9205EC14-287D-413E-9E1C-64C92D58D1F2}.Release|Any CPU.Build.0 = Release|Any CPU
		{9BF5F305-141D-4B74-B5FE-27DC09FF68A5}.Debug|Any CPU.ActiveCfg = Debug|Any CPU
		{9BF5F305-141D-4B74-B5FE-27DC09FF68A5}.Debug|Any CPU.Build.0 = Debug|Any CPU
		{9BF5F305-141D-4B74-B5FE-27DC09FF68A5}.Release|Any CPU.ActiveCfg = Release|Any CPU
		{9BF5F305-141D-4B74-B5FE-27DC09FF68A5}.Release|Any CPU.Build.0 = Release|Any CPU
		{6CF027B6-6485-448D-BB15-F114587E62F9}.Debug|Any CPU.ActiveCfg = Debug|Any CPU
		{6CF027B6-6485-448D-BB15-F114587E62F9}.Debug|Any CPU.Build.0 = Debug|Any CPU
		{6CF027B6-6485-448D-BB15-F114587E62F9}.Release|Any CPU.ActiveCfg = Release|Any CPU
		{6CF027B6-6485-448D-BB15-F114587E62F9}.Release|Any CPU.Build.0 = Release|Any CPU
		{C737B63B-E1DC-4960-82C1-A6D885B26694}.Debug|Any CPU.ActiveCfg = Debug|Any CPU
		{C737B63B-E1DC-4960-82C1-A6D885B26694}.Debug|Any CPU.Build.0 = Debug|Any CPU
		{C737B63B-E1DC-4960-82C1-A6D885B26694}.Release|Any CPU.ActiveCfg = Release|Any CPU
		{C737B63B-E1DC-4960-82C1-A6D885B26694}.Release|Any CPU.Build.0 = Release|Any CPU
		{68D8C868-7775-42DB-A696-CF8DEF486A89}.Debug|Any CPU.ActiveCfg = Debug|Any CPU
		{68D8C868-7775-42DB-A696-CF8DEF486A89}.Debug|Any CPU.Build.0 = Debug|Any CPU
		{68D8C868-7775-42DB-A696-CF8DEF486A89}.Release|Any CPU.ActiveCfg = Release|Any CPU
		{68D8C868-7775-42DB-A696-CF8DEF486A89}.Release|Any CPU.Build.0 = Release|Any CPU
		{9E5A6C98-1F14-460A-AC42-8138196AA3AE}.Debug|Any CPU.ActiveCfg = Debug|Any CPU
		{9E5A6C98-1F14-460A-AC42-8138196AA3AE}.Debug|Any CPU.Build.0 = Debug|Any CPU
		{9E5A6C98-1F14-460A-AC42-8138196AA3AE}.Release|Any CPU.ActiveCfg = Release|Any CPU
		{9E5A6C98-1F14-460A-AC42-8138196AA3AE}.Release|Any CPU.Build.0 = Release|Any CPU
		{C84BDF1C-D390-4A77-A3ED-35FBAAB2ED6F}.Debug|Any CPU.ActiveCfg = Debug|Any CPU
		{C84BDF1C-D390-4A77-A3ED-35FBAAB2ED6F}.Debug|Any CPU.Build.0 = Debug|Any CPU
		{C84BDF1C-D390-4A77-A3ED-35FBAAB2ED6F}.Release|Any CPU.ActiveCfg = Release|Any CPU
		{C84BDF1C-D390-4A77-A3ED-35FBAAB2ED6F}.Release|Any CPU.Build.0 = Release|Any CPU
		{9A22C1B4-6EDF-46AD-A03E-71847594E6E3}.Debug|Any CPU.ActiveCfg = Debug|Any CPU
		{9A22C1B4-6EDF-46AD-A03E-71847594E6E3}.Debug|Any CPU.Build.0 = Debug|Any CPU
		{9A22C1B4-6EDF-46AD-A03E-71847594E6E3}.Release|Any CPU.ActiveCfg = Release|Any CPU
		{9A22C1B4-6EDF-46AD-A03E-71847594E6E3}.Release|Any CPU.Build.0 = Release|Any CPU
		{B63ADEF8-3BF9-48E1-8B61-8FA042B19F89}.Debug|Any CPU.ActiveCfg = Debug|Any CPU
		{B63ADEF8-3BF9-48E1-8B61-8FA042B19F89}.Debug|Any CPU.Build.0 = Debug|Any CPU
		{B63ADEF8-3BF9-48E1-8B61-8FA042B19F89}.Release|Any CPU.ActiveCfg = Release|Any CPU
		{B63ADEF8-3BF9-48E1-8B61-8FA042B19F89}.Release|Any CPU.Build.0 = Release|Any CPU
		{28FC1147-DB95-42F0-AEB3-AE8AE93F0179}.Debug|Any CPU.ActiveCfg = Debug|Any CPU
		{28FC1147-DB95-42F0-AEB3-AE8AE93F0179}.Debug|Any CPU.Build.0 = Debug|Any CPU
		{28FC1147-DB95-42F0-AEB3-AE8AE93F0179}.Release|Any CPU.ActiveCfg = Release|Any CPU
		{28FC1147-DB95-42F0-AEB3-AE8AE93F0179}.Release|Any CPU.Build.0 = Release|Any CPU
		{47E87F46-20FC-4094-A733-EDD30819F1D5}.Debug|Any CPU.ActiveCfg = Debug|Any CPU
		{47E87F46-20FC-4094-A733-EDD30819F1D5}.Debug|Any CPU.Build.0 = Debug|Any CPU
		{47E87F46-20FC-4094-A733-EDD30819F1D5}.Release|Any CPU.ActiveCfg = Release|Any CPU
		{47E87F46-20FC-4094-A733-EDD30819F1D5}.Release|Any CPU.Build.0 = Release|Any CPU
		{725E0C18-0857-4BB1-A559-882A1EE2B892}.Debug|Any CPU.ActiveCfg = Debug|Any CPU
		{725E0C18-0857-4BB1-A559-882A1EE2B892}.Debug|Any CPU.Build.0 = Debug|Any CPU
		{725E0C18-0857-4BB1-A559-882A1EE2B892}.Release|Any CPU.ActiveCfg = Release|Any CPU
		{725E0C18-0857-4BB1-A559-882A1EE2B892}.Release|Any CPU.Build.0 = Release|Any CPU
		{3658EDE1-0C3E-4104-A351-64981E4F82DF}.Debug|Any CPU.ActiveCfg = Debug|Any CPU
		{3658EDE1-0C3E-4104-A351-64981E4F82DF}.Debug|Any CPU.Build.0 = Debug|Any CPU
		{3658EDE1-0C3E-4104-A351-64981E4F82DF}.Release|Any CPU.ActiveCfg = Release|Any CPU
		{3658EDE1-0C3E-4104-A351-64981E4F82DF}.Release|Any CPU.Build.0 = Release|Any CPU
		{FBE0C5AB-7271-4801-A862-AF39DD32C829}.Debug|Any CPU.ActiveCfg = Debug|Any CPU
		{FBE0C5AB-7271-4801-A862-AF39DD32C829}.Debug|Any CPU.Build.0 = Debug|Any CPU
		{FBE0C5AB-7271-4801-A862-AF39DD32C829}.Release|Any CPU.ActiveCfg = Release|Any CPU
		{FBE0C5AB-7271-4801-A862-AF39DD32C829}.Release|Any CPU.Build.0 = Release|Any CPU
		{54A911B0-4B7A-4F49-AC5F-4EFC5761F1F7}.Debug|Any CPU.ActiveCfg = Debug|Any CPU
		{54A911B0-4B7A-4F49-AC5F-4EFC5761F1F7}.Debug|Any CPU.Build.0 = Debug|Any CPU
		{54A911B0-4B7A-4F49-AC5F-4EFC5761F1F7}.Release|Any CPU.ActiveCfg = Release|Any CPU
		{54A911B0-4B7A-4F49-AC5F-4EFC5761F1F7}.Release|Any CPU.Build.0 = Release|Any CPU
		{DEA13CE0-F2BC-45ED-8C35-3C970F634AC6}.Debug|Any CPU.ActiveCfg = Debug|Any CPU
		{DEA13CE0-F2BC-45ED-8C35-3C970F634AC6}.Debug|Any CPU.Build.0 = Debug|Any CPU
		{DEA13CE0-F2BC-45ED-8C35-3C970F634AC6}.Release|Any CPU.ActiveCfg = Release|Any CPU
		{DEA13CE0-F2BC-45ED-8C35-3C970F634AC6}.Release|Any CPU.Build.0 = Release|Any CPU
		{A4645E87-8E06-4687-A7C8-9D015E5567F2}.Debug|Any CPU.ActiveCfg = Debug|Any CPU
		{A4645E87-8E06-4687-A7C8-9D015E5567F2}.Debug|Any CPU.Build.0 = Debug|Any CPU
		{A4645E87-8E06-4687-A7C8-9D015E5567F2}.Release|Any CPU.ActiveCfg = Release|Any CPU
		{A4645E87-8E06-4687-A7C8-9D015E5567F2}.Release|Any CPU.Build.0 = Release|Any CPU
		{381AF3E4-97FF-42AD-84C5-67111A2B482A}.Debug|Any CPU.ActiveCfg = Debug|Any CPU
		{381AF3E4-97FF-42AD-84C5-67111A2B482A}.Debug|Any CPU.Build.0 = Debug|Any CPU
		{381AF3E4-97FF-42AD-84C5-67111A2B482A}.Release|Any CPU.ActiveCfg = Release|Any CPU
		{381AF3E4-97FF-42AD-84C5-67111A2B482A}.Release|Any CPU.Build.0 = Release|Any CPU
		{8C69A759-3A3B-47AC-8D25-E29318AAB460}.Debug|Any CPU.ActiveCfg = Debug|Any CPU
		{8C69A759-3A3B-47AC-8D25-E29318AAB460}.Debug|Any CPU.Build.0 = Debug|Any CPU
		{8C69A759-3A3B-47AC-8D25-E29318AAB460}.Release|Any CPU.ActiveCfg = Release|Any CPU
		{8C69A759-3A3B-47AC-8D25-E29318AAB460}.Release|Any CPU.Build.0 = Release|Any CPU
		{E33F8E6F-519C-45C9-9F41-28BFC666B599}.Debug|Any CPU.ActiveCfg = Debug|Any CPU
		{E33F8E6F-519C-45C9-9F41-28BFC666B599}.Debug|Any CPU.Build.0 = Debug|Any CPU
		{E33F8E6F-519C-45C9-9F41-28BFC666B599}.Release|Any CPU.ActiveCfg = Release|Any CPU
		{E33F8E6F-519C-45C9-9F41-28BFC666B599}.Release|Any CPU.Build.0 = Release|Any CPU
		{6111D7B6-CCCE-439C-BD12-F76CCC74DA2B}.Debug|Any CPU.ActiveCfg = Debug|Any CPU
		{6111D7B6-CCCE-439C-BD12-F76CCC74DA2B}.Debug|Any CPU.Build.0 = Debug|Any CPU
		{6111D7B6-CCCE-439C-BD12-F76CCC74DA2B}.Release|Any CPU.ActiveCfg = Release|Any CPU
		{6111D7B6-CCCE-439C-BD12-F76CCC74DA2B}.Release|Any CPU.Build.0 = Release|Any CPU
		{4B561359-C045-465E-B216-D20B80B5FDC7}.Debug|Any CPU.ActiveCfg = Debug|Any CPU
		{4B561359-C045-465E-B216-D20B80B5FDC7}.Debug|Any CPU.Build.0 = Debug|Any CPU
		{4B561359-C045-465E-B216-D20B80B5FDC7}.Release|Any CPU.ActiveCfg = Release|Any CPU
		{4B561359-C045-465E-B216-D20B80B5FDC7}.Release|Any CPU.Build.0 = Release|Any CPU
		{944AEC7A-6F9A-4D24-B8C4-B95B84220985}.Debug|Any CPU.ActiveCfg = Debug|Any CPU
		{944AEC7A-6F9A-4D24-B8C4-B95B84220985}.Debug|Any CPU.Build.0 = Debug|Any CPU
		{944AEC7A-6F9A-4D24-B8C4-B95B84220985}.Release|Any CPU.ActiveCfg = Release|Any CPU
		{944AEC7A-6F9A-4D24-B8C4-B95B84220985}.Release|Any CPU.Build.0 = Release|Any CPU
		{23B1CB7F-B82F-49FA-9F2B-4A78547D71C2}.Debug|Any CPU.ActiveCfg = Debug|Any CPU
		{23B1CB7F-B82F-49FA-9F2B-4A78547D71C2}.Debug|Any CPU.Build.0 = Debug|Any CPU
		{23B1CB7F-B82F-49FA-9F2B-4A78547D71C2}.Release|Any CPU.ActiveCfg = Release|Any CPU
		{23B1CB7F-B82F-49FA-9F2B-4A78547D71C2}.Release|Any CPU.Build.0 = Release|Any CPU
	EndGlobalSection
	GlobalSection(SolutionProperties) = preSolution
		HideSolutionNode = FALSE
	EndGlobalSection
	GlobalSection(NestedProjects) = preSolution
		{9205EC14-287D-413E-9E1C-64C92D58D1F2} = {31284256-F435-4CDC-B1B6-FCB71C97D6EF}
		{31284256-F435-4CDC-B1B6-FCB71C97D6EF} = {E528AAA7-6712-4D73-A3AB-BCF41E75F137}
		{FCA108F3-EC46-4DD5-962E-3ECCBC2100AE} = {E528AAA7-6712-4D73-A3AB-BCF41E75F137}
		{9BF5F305-141D-4B74-B5FE-27DC09FF68A5} = {FCA108F3-EC46-4DD5-962E-3ECCBC2100AE}
		{C737B63B-E1DC-4960-82C1-A6D885B26694} = {FCA108F3-EC46-4DD5-962E-3ECCBC2100AE}
		{68D8C868-7775-42DB-A696-CF8DEF486A89} = {31284256-F435-4CDC-B1B6-FCB71C97D6EF}
		{9E5A6C98-1F14-460A-AC42-8138196AA3AE} = {FCA108F3-EC46-4DD5-962E-3ECCBC2100AE}
		{C84BDF1C-D390-4A77-A3ED-35FBAAB2ED6F} = {FCA108F3-EC46-4DD5-962E-3ECCBC2100AE}
		{9A22C1B4-6EDF-46AD-A03E-71847594E6E3} = {B3D0DA09-BB5C-4FF7-9844-80A381655B5C}
		{B63ADEF8-3BF9-48E1-8B61-8FA042B19F89} = {B3D0DA09-BB5C-4FF7-9844-80A381655B5C}
		{28FC1147-DB95-42F0-AEB3-AE8AE93F0179} = {B3D0DA09-BB5C-4FF7-9844-80A381655B5C}
		{725E0C18-0857-4BB1-A559-882A1EE2B892} = {D8B1A356-B814-470B-9C6B-C8D0DFAD6D5B}
		{3658EDE1-0C3E-4104-A351-64981E4F82DF} = {B3D0DA09-BB5C-4FF7-9844-80A381655B5C}
		{FBE0C5AB-7271-4801-A862-AF39DD32C829} = {D8B1A356-B814-470B-9C6B-C8D0DFAD6D5B}
		{93E65A22-8E4E-45F4-B6B3-49097B956906} = {C0370973-55DF-4AD0-9055-BA3FA1E9517C}
		{54A911B0-4B7A-4F49-AC5F-4EFC5761F1F7} = {B3D0DA09-BB5C-4FF7-9844-80A381655B5C}
		{DEA13CE0-F2BC-45ED-8C35-3C970F634AC6} = {D8B1A356-B814-470B-9C6B-C8D0DFAD6D5B}
		{381AF3E4-97FF-42AD-84C5-67111A2B482A} = {FCA108F3-EC46-4DD5-962E-3ECCBC2100AE}
		{8C69A759-3A3B-47AC-8D25-E29318AAB460} = {FCA108F3-EC46-4DD5-962E-3ECCBC2100AE}
		{E33F8E6F-519C-45C9-9F41-28BFC666B599} = {31284256-F435-4CDC-B1B6-FCB71C97D6EF}
		{6111D7B6-CCCE-439C-BD12-F76CCC74DA2B} = {FCA108F3-EC46-4DD5-962E-3ECCBC2100AE}
		{4B561359-C045-465E-B216-D20B80B5FDC7} = {31284256-F435-4CDC-B1B6-FCB71C97D6EF}
		{944AEC7A-6F9A-4D24-B8C4-B95B84220985} = {FCA108F3-EC46-4DD5-962E-3ECCBC2100AE}
	EndGlobalSection
	GlobalSection(ExtensibilityGlobals) = postSolution
		SolutionGuid = {434AD268-BAE2-48A7-8AE5-2AB6B982F843}
	EndGlobalSection
EndGlobal
